
Microsoft Visual Studio Solution File, Format Version 12.00
# Visual Studio 15
VisualStudioVersion = 15.0.28218.60
MinimumVisualStudioVersion = 10.0.40219.1
Project("{FAE04EC0-301F-11D3-BF4B-00C04F79EFBC}") = "WebViewLab.Android", "WebViewLab.Android\WebViewLab.Android.csproj", "{CC7FF292-C145-4C56-AF8C-67D9E6BC0C6E}"
EndProject
Project("{FAE04EC0-301F-11D3-BF4B-00C04F79EFBC}") = "WebViewLab.iOS", "WebViewLab.iOS\WebViewLab.iOS.csproj", "{8DA46D01-7D3B-47F2-BBC0-742056B061DE}"
EndProject
Project("{FAE04EC0-301F-11D3-BF4B-00C04F79EFBC}") = "WebViewLab", "WebViewLab\WebViewLab.csproj", "{0A0A0AC7-0380-4E33-BA7C-695528F7085F}"
EndProject
Global
	GlobalSection(SolutionConfigurationPlatforms) = preSolution
		Ad-Hoc|Any CPU = Ad-Hoc|Any CPU
		Ad-Hoc|iPhone = Ad-Hoc|iPhone
		Ad-Hoc|iPhoneSimulator = Ad-Hoc|iPhoneSimulator
		AppStore|Any CPU = AppStore|Any CPU
		AppStore|iPhone = AppStore|iPhone
		AppStore|iPhoneSimulator = AppStore|iPhoneSimulator
		Debug|Any CPU = Debug|Any CPU
		Debug|iPhone = Debug|iPhone
		Debug|iPhoneSimulator = Debug|iPhoneSimulator
		Release|Any CPU = Release|Any CPU
		Release|iPhone = Release|iPhone
		Release|iPhoneSimulator = Release|iPhoneSimulator
	EndGlobalSection
	GlobalSection(ProjectConfigurationPlatforms) = postSolution
		{CC7FF292-C145-4C56-AF8C-67D9E6BC0C6E}.Ad-Hoc|Any CPU.ActiveCfg = Release|Any CPU
		{CC7FF292-C145-4C56-AF8C-67D9E6BC0C6E}.Ad-Hoc|Any CPU.Build.0 = Release|Any CPU
		{CC7FF292-C145-4C56-AF8C-67D9E6BC0C6E}.Ad-Hoc|Any CPU.Deploy.0 = Release|Any CPU
		{CC7FF292-C145-4C56-AF8C-67D9E6BC0C6E}.Ad-Hoc|iPhone.ActiveCfg = Release|Any CPU
		{CC7FF292-C145-4C56-AF8C-67D9E6BC0C6E}.Ad-Hoc|iPhone.Build.0 = Release|Any CPU
		{CC7FF292-C145-4C56-AF8C-67D9E6BC0C6E}.Ad-Hoc|iPhone.Deploy.0 = Release|Any CPU
		{CC7FF292-C145-4C56-AF8C-67D9E6BC0C6E}.Ad-Hoc|iPhoneSimulator.ActiveCfg = Release|Any CPU
		{CC7FF292-C145-4C56-AF8C-67D9E6BC0C6E}.Ad-Hoc|iPhoneSimulator.Build.0 = Release|Any CPU
		{CC7FF292-C145-4C56-AF8C-67D9E6BC0C6E}.Ad-Hoc|iPhoneSimulator.Deploy.0 = Release|Any CPU
		{CC7FF292-C145-4C56-AF8C-67D9E6BC0C6E}.AppStore|Any CPU.ActiveCfg = Release|Any CPU
		{CC7FF292-C145-4C56-AF8C-67D9E6BC0C6E}.AppStore|Any CPU.Build.0 = Release|Any CPU
		{CC7FF292-C145-4C56-AF8C-67D9E6BC0C6E}.AppStore|Any CPU.Deploy.0 = Release|Any CPU
		{CC7FF292-C145-4C56-AF8C-67D9E6BC0C6E}.AppStore|iPhone.ActiveCfg = Release|Any CPU
		{CC7FF292-C145-4C56-AF8C-67D9E6BC0C6E}.AppStore|iPhone.Build.0 = Release|Any CPU
		{CC7FF292-C145-4C56-AF8C-67D9E6BC0C6E}.AppStore|iPhone.Deploy.0 = Release|Any CPU
		{CC7FF292-C145-4C56-AF8C-67D9E6BC0C6E}.AppStore|iPhoneSimulator.ActiveCfg = Release|Any CPU
		{CC7FF292-C145-4C56-AF8C-67D9E6BC0C6E}.AppStore|iPhoneSimulator.Build.0 = Release|Any CPU
		{CC7FF292-C145-4C56-AF8C-67D9E6BC0C6E}.AppStore|iPhoneSimulator.Deploy.0 = Release|Any CPU
		{CC7FF292-C145-4C56-AF8C-67D9E6BC0C6E}.Debug|Any CPU.ActiveCfg = Debug|Any CPU
		{CC7FF292-C145-4C56-AF8C-67D9E6BC0C6E}.Debug|Any CPU.Build.0 = Debug|Any CPU
		{CC7FF292-C145-4C56-AF8C-67D9E6BC0C6E}.Debug|Any CPU.Deploy.0 = Debug|Any CPU
		{CC7FF292-C145-4C56-AF8C-67D9E6BC0C6E}.Debug|iPhone.ActiveCfg = Debug|Any CPU
		{CC7FF292-C145-4C56-AF8C-67D9E6BC0C6E}.Debug|iPhone.Build.0 = Debug|Any CPU
		{CC7FF292-C145-4C56-AF8C-67D9E6BC0C6E}.Debug|iPhone.Deploy.0 = Debug|Any CPU
		{CC7FF292-C145-4C56-AF8C-67D9E6BC0C6E}.Debug|iPhoneSimulator.ActiveCfg = Debug|Any CPU
		{CC7FF292-C145-4C56-AF8C-67D9E6BC0C6E}.Debug|iPhoneSimulator.Build.0 = Debug|Any CPU
		{CC7FF292-C145-4C56-AF8C-67D9E6BC0C6E}.Debug|iPhoneSimulator.Deploy.0 = Debug|Any CPU
		{CC7FF292-C145-4C56-AF8C-67D9E6BC0C6E}.Release|Any CPU.ActiveCfg = Release|Any CPU
		{CC7FF292-C145-4C56-AF8C-67D9E6BC0C6E}.Release|Any CPU.Build.0 = Release|Any CPU
		{CC7FF292-C145-4C56-AF8C-67D9E6BC0C6E}.Release|Any CPU.Deploy.0 = Release|Any CPU
		{CC7FF292-C145-4C56-AF8C-67D9E6BC0C6E}.Release|iPhone.ActiveCfg = Release|Any CPU
		{CC7FF292-C145-4C56-AF8C-67D9E6BC0C6E}.Release|iPhone.Build.0 = Release|Any CPU
		{CC7FF292-C145-4C56-AF8C-67D9E6BC0C6E}.Release|iPhone.Deploy.0 = Release|Any CPU
		{CC7FF292-C145-4C56-AF8C-67D9E6BC0C6E}.Release|iPhoneSimulator.ActiveCfg = Release|Any CPU
		{CC7FF292-C145-4C56-AF8C-67D9E6BC0C6E}.Release|iPhoneSimulator.Build.0 = Release|Any CPU
		{CC7FF292-C145-4C56-AF8C-67D9E6BC0C6E}.Release|iPhoneSimulator.Deploy.0 = Release|Any CPU
		{8DA46D01-7D3B-47F2-BBC0-742056B061DE}.Ad-Hoc|Any CPU.ActiveCfg = Ad-Hoc|iPhone
		{8DA46D01-7D3B-47F2-BBC0-742056B061DE}.Ad-Hoc|Any CPU.Build.0 = Ad-Hoc|iPhone
		{8DA46D01-7D3B-47F2-BBC0-742056B061DE}.Ad-Hoc|Any CPU.Deploy.0 = Ad-Hoc|iPhone
		{8DA46D01-7D3B-47F2-BBC0-742056B061DE}.Ad-Hoc|iPhone.ActiveCfg = Ad-Hoc|iPhone
		{8DA46D01-7D3B-47F2-BBC0-742056B061DE}.Ad-Hoc|iPhone.Build.0 = Ad-Hoc|iPhone
		{8DA46D01-7D3B-47F2-BBC0-742056B061DE}.Ad-Hoc|iPhone.Deploy.0 = Ad-Hoc|iPhone
		{8DA46D01-7D3B-47F2-BBC0-742056B061DE}.Ad-Hoc|iPhoneSimulator.ActiveCfg = Ad-Hoc|iPhoneSimulator
		{8DA46D01-7D3B-47F2-BBC0-742056B061DE}.Ad-Hoc|iPhoneSimulator.Build.0 = Ad-Hoc|iPhoneSimulator
		{8DA46D01-7D3B-47F2-BBC0-742056B061DE}.Ad-Hoc|iPhoneSimulator.Deploy.0 = Ad-Hoc|iPhoneSimulator
		{8DA46D01-7D3B-47F2-BBC0-742056B061DE}.AppStore|Any CPU.ActiveCfg = AppStore|iPhone
		{8DA46D01-7D3B-47F2-BBC0-742056B061DE}.AppStore|Any CPU.Build.0 = AppStore|iPhone
		{8DA46D01-7D3B-47F2-BBC0-742056B061DE}.AppStore|Any CPU.Deploy.0 = AppStore|iPhone
		{8DA46D01-7D3B-47F2-BBC0-742056B061DE}.AppStore|iPhone.ActiveCfg = AppStore|iPhone
		{8DA46D01-7D3B-47F2-BBC0-742056B061DE}.AppStore|iPhone.Build.0 = AppStore|iPhone
		{8DA46D01-7D3B-47F2-BBC0-742056B061DE}.AppStore|iPhone.Deploy.0 = AppStore|iPhone
		{8DA46D01-7D3B-47F2-BBC0-742056B061DE}.AppStore|iPhoneSimulator.ActiveCfg = AppStore|iPhoneSimulator
		{8DA46D01-7D3B-47F2-BBC0-742056B061DE}.AppStore|iPhoneSimulator.Build.0 = AppStore|iPhoneSimulator
		{8DA46D01-7D3B-47F2-BBC0-742056B061DE}.AppStore|iPhoneSimulator.Deploy.0 = AppStore|iPhoneSimulator
		{8DA46D01-7D3B-47F2-BBC0-742056B061DE}.Debug|Any CPU.ActiveCfg = Debug|iPhoneSimulator
		{8DA46D01-7D3B-47F2-BBC0-742056B061DE}.Debug|Any CPU.Build.0 = Debug|iPhoneSimulator
		{8DA46D01-7D3B-47F2-BBC0-742056B061DE}.Debug|Any CPU.Deploy.0 = Debug|iPhoneSimulator
		{8DA46D01-7D3B-47F2-BBC0-742056B061DE}.Debug|iPhone.ActiveCfg = Debug|iPhone
		{8DA46D01-7D3B-47F2-BBC0-742056B061DE}.Debug|iPhone.Build.0 = Debug|iPhone
		{8DA46D01-7D3B-47F2-BBC0-742056B061DE}.Debug|iPhone.Deploy.0 = Debug|iPhone
		{8DA46D01-7D3B-47F2-BBC0-742056B061DE}.Debug|iPhoneSimulator.ActiveCfg = Debug|iPhoneSimulator
		{8DA46D01-7D3B-47F2-BBC0-742056B061DE}.Debug|iPhoneSimulator.Build.0 = Debug|iPhoneSimulator
		{8DA46D01-7D3B-47F2-BBC0-742056B061DE}.Debug|iPhoneSimulator.Deploy.0 = Debug|iPhoneSimulator
		{8DA46D01-7D3B-47F2-BBC0-742056B061DE}.Release|Any CPU.ActiveCfg = Release|iPhone
		{8DA46D01-7D3B-47F2-BBC0-742056B061DE}.Release|Any CPU.Build.0 = Release|iPhone
		{8DA46D01-7D3B-47F2-BBC0-742056B061DE}.Release|Any CPU.Deploy.0 = Release|iPhone
		{8DA46D01-7D3B-47F2-BBC0-742056B061DE}.Release|iPhone.ActiveCfg = Release|iPhone
		{8DA46D01-7D3B-47F2-BBC0-742056B061DE}.Release|iPhone.Build.0 = Release|iPhone
		{8DA46D01-7D3B-47F2-BBC0-742056B061DE}.Release|iPhone.Deploy.0 = Release|iPhone
		{8DA46D01-7D3B-47F2-BBC0-742056B061DE}.Release|iPhoneSimulator.ActiveCfg = Release|iPhoneSimulator
		{8DA46D01-7D3B-47F2-BBC0-742056B061DE}.Release|iPhoneSimulator.Build.0 = Release|iPhoneSimulator
		{8DA46D01-7D3B-47F2-BBC0-742056B061DE}.Release|iPhoneSimulator.Deploy.0 = Release|iPhoneSimulator
		{0A0A0AC7-0380-4E33-BA7C-695528F7085F}.Ad-Hoc|Any CPU.ActiveCfg = Debug|Any CPU
		{0A0A0AC7-0380-4E33-BA7C-695528F7085F}.Ad-Hoc|Any CPU.Build.0 = Debug|Any CPU
		{0A0A0AC7-0380-4E33-BA7C-695528F7085F}.Ad-Hoc|Any CPU.Deploy.0 = Debug|Any CPU
		{0A0A0AC7-0380-4E33-BA7C-695528F7085F}.Ad-Hoc|iPhone.ActiveCfg = Debug|Any CPU
		{0A0A0AC7-0380-4E33-BA7C-695528F7085F}.Ad-Hoc|iPhone.Build.0 = Debug|Any CPU
		{0A0A0AC7-0380-4E33-BA7C-695528F7085F}.Ad-Hoc|iPhone.Deploy.0 = Debug|Any CPU
		{0A0A0AC7-0380-4E33-BA7C-695528F7085F}.Ad-Hoc|iPhoneSimulator.ActiveCfg = Debug|Any CPU
		{0A0A0AC7-0380-4E33-BA7C-695528F7085F}.Ad-Hoc|iPhoneSimulator.Build.0 = Debug|Any CPU
		{0A0A0AC7-0380-4E33-BA7C-695528F7085F}.Ad-Hoc|iPhoneSimulator.Deploy.0 = Debug|Any CPU
		{0A0A0AC7-0380-4E33-BA7C-695528F7085F}.AppStore|Any CPU.ActiveCfg = Debug|Any CPU
		{0A0A0AC7-0380-4E33-BA7C-695528F7085F}.AppStore|Any CPU.Build.0 = Debug|Any CPU
		{0A0A0AC7-0380-4E33-BA7C-695528F7085F}.AppStore|Any CPU.Deploy.0 = Debug|Any CPU
		{0A0A0AC7-0380-4E33-BA7C-695528F7085F}.AppStore|iPhone.ActiveCfg = Debug|Any CPU
		{0A0A0AC7-0380-4E33-BA7C-695528F7085F}.AppStore|iPhone.Build.0 = Debug|Any CPU
		{0A0A0AC7-0380-4E33-BA7C-695528F7085F}.AppStore|iPhone.Deploy.0 = Debug|Any CPU
		{0A0A0AC7-0380-4E33-BA7C-695528F7085F}.AppStore|iPhoneSimulator.ActiveCfg = Debug|Any CPU
		{0A0A0AC7-0380-4E33-BA7C-695528F7085F}.AppStore|iPhoneSimulator.Build.0 = Debug|Any CPU
		{0A0A0AC7-0380-4E33-BA7C-695528F7085F}.AppStore|iPhoneSimulator.Deploy.0 = Debug|Any CPU
		{0A0A0AC7-0380-4E33-BA7C-695528F7085F}.Debug|Any CPU.ActiveCfg = Debug|Any CPU
		{0A0A0AC7-0380-4E33-BA7C-695528F7085F}.Debug|Any CPU.Build.0 = Debug|Any CPU
		{0A0A0AC7-0380-4E33-BA7C-695528F7085F}.Debug|Any CPU.Deploy.0 = Debug|Any CPU
		{0A0A0AC7-0380-4E33-BA7C-695528F7085F}.Debug|iPhone.ActiveCfg = Debug|Any CPU
		{0A0A0AC7-0380-4E33-BA7C-695528F7085F}.Debug|iPhone.Build.0 = Debug|Any CPU
		{0A0A0AC7-0380-4E33-BA7C-695528F7085F}.Debug|iPhone.Deploy.0 = Debug|Any CPU
		{0A0A0AC7-0380-4E33-BA7C-695528F7085F}.Debug|iPhoneSimulator.ActiveCfg = Debug|Any CPU
		{0A0A0AC7-0380-4E33-BA7C-695528F7085F}.Debug|iPhoneSimulator.Build.0 = Debug|Any CPU
		{0A0A0AC7-0380-4E33-BA7C-695528F7085F}.Debug|iPhoneSimulator.Deploy.0 = Debug|Any CPU
		{0A0A0AC7-0380-4E33-BA7C-695528F7085F}.Release|Any CPU.ActiveCfg = Release|Any CPU
		{0A0A0AC7-0380-4E33-BA7C-695528F7085F}.Release|Any CPU.Build.0 = Release|Any CPU
		{0A0A0AC7-0380-4E33-BA7C-695528F7085F}.Release|Any CPU.Deploy.0 = Release|Any CPU
		{0A0A0AC7-0380-4E33-BA7C-695528F7085F}.Release|iPhone.ActiveCfg = Release|Any CPU
		{0A0A0AC7-0380-4E33-BA7C-695528F7085F}.Release|iPhone.Build.0 = Release|Any CPU
		{0A0A0AC7-0380-4E33-BA7C-695528F7085F}.Release|iPhone.Deploy.0 = Release|Any CPU
		{0A0A0AC7-0380-4E33-BA7C-695528F7085F}.Release|iPhoneSimulator.ActiveCfg = Release|Any CPU
		{0A0A0AC7-0380-4E33-BA7C-695528F7085F}.Release|iPhoneSimulator.Build.0 = Release|Any CPU
		{0A0A0AC7-0380-4E33-BA7C-695528F7085F}.Release|iPhoneSimulator.Deploy.0 = Release|Any CPU
	EndGlobalSection
	GlobalSection(SolutionProperties) = preSolution
		HideSolutionNode = FALSE
	EndGlobalSection
	GlobalSection(ExtensibilityGlobals) = postSolution
		SolutionGuid = {2857AB40-985E-4441-907F-C1A1EE790D8D}
	EndGlobalSection
EndGlobal
